github.com/GreenFuze/OpenFFI/CLI v0.0.0-20200727065107-65e9b32c642a h1:JOIidAgbCu07mEEBAhc0YEOKea0Y8qcDhVXCdTxQdN4=
github.com/GreenFuze/OpenFFI/CLI v0.0.0-20200727065107-65e9b32c642a/go.mod h1:vu5AWMYwXLe4MXSOH/GzC+yeDSdhkHr3X/obS5pjy2w=
github.com/GreenFuze/OpenFFI/CLI/utils/go v0.0.0-20200727092842-91bceb31c69a h1:3SsF19yybKhTwDrTz0Xg8bRMkfWQ66wO05mZVRztQqk=
github.com/GreenFuze/OpenFFI/CLI/utils/go v0.0.0-20200727092842-91bceb31c69a/go.mod h1:ecKY+mx8NeDMDG/0M6ybknFRX6tZOehBMSenVOI14AA=
github.com/antchfx/jsonquery v1.1.4 h1:+OlFO3QS9wjU0MKx9MgHm5f6o6hdd4e9mUTp0wTjxlM=
github.com/antchfx/jsonquery v1.1.4/go.mod h1:cHs8r6Bymd8j6HI6Ej1IJbjahKvLBcIEh54dfmo+E9A=
github.com/antchfx/xpath v1.1.7/go.mod h1:Yee4kTMuNiPYJ7nSNorELQMr1J33uOpXDMByNYhvtNk=
github.com/antchfx/xpath v1.1.9 h1:s3QDSTRoZMK6EqLajCUt/BJMUATPHvzwlRqKqg12yjU=
github.com/antchfx/xpath v1.1.9/go.mod h1:Yee4kTMuNiPYJ7nSNorELQMr1J33uOpXDMByNYhvtNk=
github.com/golang/groupcache v0.0.0-20200121045136-8c9f03a8e57e h1:1r7pUrabqp18hOBcwBwiTsbnFeTZHV9eER/QT5JVZxY=
github.com/golang/groupcache v0.0.0-20200121045136-8c9f03a8e57e/go.mod h1:cIg4eruTrX1D+g88fzRXU5OdNfaM+9IcxsU14FzY7Hc=
github.com/yoheimuta/go-protoparser v3.4.0+incompatible h1:FdE033NnKLsvJFpfcy7eH9Rzl1k9f88HDmu9anoTsyY=
github.com/yoheimuta/go-protoparser v3.4.0+incompatible/go.mod h1:NMMDARGayMyLM9oD1JUgKyF1Tv7aj9S+KcTG4lqvemo=
